// !$*UTF8*$!
{
	archiveVersion = 1;
	classes = {
	};
	objectVersion = 56;
	objects = {

/* Begin PBXBuildFile section */
		EC4732AC29FBBC3D000882C5 /* AppDelegate.swift in Sources */ = {isa = PBXBuildFile; fileRef = EC4732AB29FBBC3D000882C5 /* AppDelegate.swift */; };
		EC4732AE29FBBC3D000882C5 /* SceneDelegate.swift in Sources */ = {isa = PBXBuildFile; fileRef = EC4732AD29FBBC3D000882C5 /* SceneDelegate.swift */; };
		EC4732B029FBBC3D000882C5 /* ViewController.swift in Sources */ = {isa = PBXBuildFile; fileRef = EC4732AF29FBBC3D000882C5 /* ViewController.swift */; };
		EC4732B329FBBC3D000882C5 /* Main.storyboard in Resources */ = {isa = PBXBuildFile; fileRef = EC4732B129FBBC3D000882C5 /* Main.storyboard */; };
		EC4732B629FBBC3D000882C5 /* IosJsBridgeSample.xcdatamodeld in Sources */ = {isa = PBXBuildFile; fileRef = EC4732B429FBBC3D000882C5 /* IosJsBridgeSample.xcdatamodeld */; };
		EC4732B829FBBC3F000882C5 /* Assets.xcassets in Resources */ = {isa = PBXBuildFile; fileRef = EC4732B729FBBC3F000882C5 /* Assets.xcassets */; };
		EC4732BB29FBBC3F000882C5 /* LaunchScreen.storyboard in Resources */ = {isa = PBXBuildFile; fileRef = EC4732B929FBBC3F000882C5 /* LaunchScreen.storyboard */; };
		EC4732C629FBBC3F000882C5 /* IosJsBridgeSampleTests.swift in Sources */ = {isa = PBXBuildFile; fileRef = EC4732C529FBBC3F000882C5 /* IosJsBridgeSampleTests.swift */; };
		EC4732D029FBBC3F000882C5 /* IosJsBridgeSampleUITests.swift in Sources */ = {isa = PBXBuildFile; fileRef = EC4732CF29FBBC3F000882C5 /* IosJsBridgeSampleUITests.swift */; };
		EC4732D229FBBC3F000882C5 /* IosJsBridgeSampleUITestsLaunchTests.swift in Sources */ = {isa = PBXBuildFile; fileRef = EC4732D129FBBC3F000882C5 /* IosJsBridgeSampleUITestsLaunchTests.swift */; };
		EC4732DF29FBBD2F000882C5 /* form.html in Resources */ = {isa = PBXBuildFile; fileRef = EC4732DE29FBBD2F000882C5 /* form.html */; };
/* End PBXBuildFile section */

/* Begin PBXContainerItemProxy section */
		EC4732C229FBBC3F000882C5 /* PBXContainerItemProxy */ = {
			isa = PBXContainerItemProxy;
			containerPortal = EC4732A029FBBC3D000882C5 /* Project object */;
			proxyType = 1;
			remoteGlobalIDString = EC4732A729FBBC3D000882C5;
			remoteInfo = IosJsBridgeSample;
		};
		EC4732CC29FBBC3F000882C5 /* PBXContainerItemProxy */ = {
			isa = PBXContainerItemProxy;
			containerPortal = EC4732A029FBBC3D000882C5 /* Project object */;
			proxyType = 1;
			remoteGlobalIDString = EC4732A729FBBC3D000882C5;
			remoteInfo = IosJsBridgeSample;
		};
/* End PBXContainerItemProxy section */

/* Begin PBXFileReference section */
		EC4732A829FBBC3D000882C5 /* IosJsBridgeSample.app */ = {isa = PBXFileReference; explicitFileType = wrapper.application; includeInIndex = 0; path = IosJsBridgeSample.app; sourceTree = BUILT_PRODUCTS_DIR; };
		EC4732AB29FBBC3D000882C5 /* AppDelegate.swift */ = {isa = PBXFileReference; lastKnownFileType = sourcecode.swift; path = AppDelegate.swift; sourceTree = "<group>"; };
		EC4732AD29FBBC3D000882C5 /* SceneDelegate.swift */ = {isa = PBXFileReference; lastKnownFileType = sourcecode.swift; path = SceneDelegate.swift; sourceTree = "<group>"; };
		EC4732AF29FBBC3D000882C5 /* ViewController.swift */ = {isa = PBXFileReference; lastKnownFileType = sourcecode.swift; path = ViewController.swift; sourceTree = "<group>"; };
		EC4732B229FBBC3D000882C5 /* Base */ = {isa = PBXFileReference; lastKnownFileType = file.storyboard; name = Base; path = Base.lproj/Main.storyboard; sourceTree = "<group>"; };
		EC4732B529FBBC3D000882C5 /* IosJsBridgeSample.xcdatamodel */ = {isa = PBXFileReference; lastKnownFileType = wrapper.xcdatamodel; path = IosJsBridgeSample.xcdatamodel; sourceTree = "<group>"; };
		EC4732B729FBBC3F000882C5 /* Assets.xcassets */ = {isa = PBXFileReference; lastKnownFileType = folder.assetcatalog; path = Assets.xcassets; sourceTree = "<group>"; };
		EC4732BA29FBBC3F000882C5 /* Base */ = {isa = PBXFileReference; lastKnownFileType = file.storyboard; name = Base; path = Base.lproj/LaunchScreen.storyboard; sourceTree = "<group>"; };
		EC4732BC29FBBC3F000882C5 /* Info.plist */ = {isa = PBXFileReference; lastKnownFileType = text.plist.xml; path = Info.plist; sourceTree = "<group>"; };
		EC4732C129FBBC3F000882C5 /* IosJsBridgeSampleTests.xctest */ = {isa = PBXFileReference; explicitFileType = wrapper.cfbundle; includeInIndex = 0; path = IosJsBridgeSampleTests.xctest; sourceTree = BUILT_PRODUCTS_DIR; };
		EC4732C529FBBC3F000882C5 /* IosJsBridgeSampleTests.swift */ = {isa = PBXFileReference; lastKnownFileType = sourcecode.swift; path = IosJsBridgeSampleTests.swift; sourceTree = "<group>"; };
		EC4732CB29FBBC3F000882C5 /* IosJsBridgeSampleUITests.xctest */ = {isa = PBXFileReference; explicitFileType = wrapper.cfbundle; includeInIndex = 0; path = IosJsBridgeSampleUITests.xctest; sourceTree = BUILT_PRODUCTS_DIR; };
		EC4732CF29FBBC3F000882C5 /* IosJsBridgeSampleUITests.swift */ = {isa = PBXFileReference; lastKnownFileType = sourcecode.swift; path = IosJsBridgeSampleUITests.swift; sourceTree = "<group>"; };
		EC4732D129FBBC3F000882C5 /* IosJsBridgeSampleUITestsLaunchTests.swift */ = {isa = PBXFileReference; lastKnownFileType = sourcecode.swift; path = IosJsBridgeSampleUITestsLaunchTests.swift; sourceTree = "<group>"; };
		EC4732DE29FBBD2F000882C5 /* form.html */ = {isa = PBXFileReference; fileEncoding = 4; lastKnownFileType = text.html; path = form.html; sourceTree = "<group>"; };
/* End PBXFileReference section */

/* Begin PBXFrameworksBuildPhase section */
		EC4732A529FBBC3D000882C5 /* Frameworks */ = {
			isa = PBXFrameworksBuildPhase;
			buildActionMask = 2147483647;
			files = (
			);
			runOnlyForDeploymentPostprocessing = 0;
		};
		EC4732BE29FBBC3F000882C5 /* Frameworks */ = {
			isa = PBXFrameworksBuildPhase;
			buildActionMask = 2147483647;
			files = (
			);
			runOnlyForDeploymentPostprocessing = 0;
		};
		EC4732C829FBBC3F000882C5 /* Frameworks */ = {
			isa = PBXFrameworksBuildPhase;
			buildActionMask = 2147483647;
			files = (
			);
			runOnlyForDeploymentPostprocessing = 0;
		};
/* End PBXFrameworksBuildPhase section */

/* Begin PBXGroup section */
		EC47329F29FBBC3D000882C5 = {
			isa = PBXGroup;
			children = (
				EC4732AA29FBBC3D000882C5 /* IosJsBridgeSample */,
				EC4732C429FBBC3F000882C5 /* IosJsBridgeSampleTests */,
				EC4732CE29FBBC3F000882C5 /* IosJsBridgeSampleUITests */,
				EC4732A929FBBC3D000882C5 /* Products */,
			);
			sourceTree = "<group>";
		};
		EC4732A929FBBC3D000882C5 /* Products */ = {
			isa = PBXGroup;
			children = (
				EC4732A829FBBC3D000882C5 /* IosJsBridgeSample.app */,
				EC4732C129FBBC3F000882C5 /* IosJsBridgeSampleTests.xctest */,
				EC4732CB29FBBC3F000882C5 /* IosJsBridgeSampleUITests.xctest */,
			);
			name = Products;
			sourceTree = "<group>";
		};
		EC4732AA29FBBC3D000882C5 /* IosJsBridgeSample */ = {
			isa = PBXGroup;
			children = (
				EC4732DE29FBBD2F000882C5 /* form.html */,
				EC4732AB29FBBC3D000882C5 /* AppDelegate.swift */,
				EC4732AD29FBBC3D000882C5 /* SceneDelegate.swift */,
				EC4732AF29FBBC3D000882C5 /* ViewController.swift */,
				EC4732B129FBBC3D000882C5 /* Main.storyboard */,
				EC4732B729FBBC3F000882C5 /* Assets.xcassets */,
				EC4732B929FBBC3F000882C5 /* LaunchScreen.storyboard */,
				EC4732BC29FBBC3F000882C5 /* Info.plist */,
				EC4732B429FBBC3D000882C5 /* IosJsBridgeSample.xcdatamodeld */,
			);
			path = IosJsBridgeSample;
			sourceTree = "<group>";
		};
		EC4732C429FBBC3F000882C5 /* IosJsBridgeSampleTests */ = {
			isa = PBXGroup;
			children = (
				EC4732C529FBBC3F000882C5 /* IosJsBridgeSampleTests.swift */,
			);
			path = IosJsBridgeSampleTests;
			sourceTree = "<group>";
		};
		EC4732CE29FBBC3F000882C5 /* IosJsBridgeSampleUITests */ = {
			isa = PBXGroup;
			children = (
				EC4732CF29FBBC3F000882C5 /* IosJsBridgeSampleUITests.swift */,
				EC4732D129FBBC3F000882C5 /* IosJsBridgeSampleUITestsLaunchTests.swift */,
			);
			path = IosJsBridgeSampleUITests;
			sourceTree = "<group>";
		};
/* End PBXGroup section */

/* Begin PBXNativeTarget section */
		EC4732A729FBBC3D000882C5 /* IosJsBridgeSample */ = {
			isa = PBXNativeTarget;
			buildConfigurationList = EC4732D529FBBC3F000882C5 /* Build configuration list for PBXNativeTarget "IosJsBridgeSample" */;
			buildPhases = (
				EC4732A429FBBC3D000882C5 /* Sources */,
				EC4732A529FBBC3D000882C5 /* Frameworks */,
				EC4732A629FBBC3D000882C5 /* Resources */,
			);
			buildRules = (
			);
			dependencies = (
			);
			name = IosJsBridgeSample;
			productName = IosJsBridgeSample;
			productReference = EC4732A829FBBC3D000882C5 /* IosJsBridgeSample.app */;
			productType = "com.apple.product-type.application";
		};
		EC4732C029FBBC3F000882C5 /* IosJsBridgeSampleTests */ = {
			isa = PBXNativeTarget;
			buildConfigurationList = EC4732D829FBBC3F000882C5 /* Build configuration list for PBXNativeTarget "IosJsBridgeSampleTests" */;
			buildPhases = (
				EC4732BD29FBBC3F000882C5 /* Sources */,
				EC4732BE29FBBC3F000882C5 /* Frameworks */,
				EC4732BF29FBBC3F000882C5 /* Resources */,
			);
			buildRules = (
			);
			dependencies = (
				EC4732C329FBBC3F000882C5 /* PBXTargetDependency */,
			);
			name = IosJsBridgeSampleTests;
			productName = IosJsBridgeSampleTests;
			productReference = EC4732C129FBBC3F000882C5 /* IosJsBridgeSampleTests.xctest */;
			productType = "com.apple.product-type.bundle.unit-test";
		};
		EC4732CA29FBBC3F000882C5 /* IosJsBridgeSampleUITests */ = {
			isa = PBXNativeTarget;
			buildConfigurationList = EC4732DB29FBBC3F000882C5 /* Build configuration list for PBXNativeTarget "IosJsBridgeSampleUITests" */;
			buildPhases = (
				EC4732C729FBBC3F000882C5 /* Sources */,
				EC4732C829FBBC3F000882C5 /* Frameworks */,
				EC4732C929FBBC3F000882C5 /* Resources */,
			);
			buildRules = (
			);
			dependencies = (
				EC4732CD29FBBC3F000882C5 /* PBXTargetDependency */,
			);
			name = IosJsBridgeSampleUITests;
			productName = IosJsBridgeSampleUITests;
			productReference = EC4732CB29FBBC3F000882C5 /* IosJsBridgeSampleUITests.xctest */;
			productType = "com.apple.product-type.bundle.ui-testing";
		};
/* End PBXNativeTarget section */

/* Begin PBXProject section */
		EC4732A029FBBC3D000882C5 /* Project object */ = {
			isa = PBXProject;
			attributes = {
				BuildIndependentTargetsInParallel = 1;
				LastSwiftUpdateCheck = 1420;
				LastUpgradeCheck = 1420;
				TargetAttributes = {
					EC4732A729FBBC3D000882C5 = {
						CreatedOnToolsVersion = 14.2;
					};
					EC4732C029FBBC3F000882C5 = {
						CreatedOnToolsVersion = 14.2;
						TestTargetID = EC4732A729FBBC3D000882C5;
					};
					EC4732CA29FBBC3F000882C5 = {
						CreatedOnToolsVersion = 14.2;
						TestTargetID = EC4732A729FBBC3D000882C5;
					};
				};
			};
			buildConfigurationList = EC4732A329FBBC3D000882C5 /* Build configuration list for PBXProject "IosJsBridgeSample" */;
			compatibilityVersion = "Xcode 14.0";
			developmentRegion = en;
			hasScannedForEncodings = 0;
			knownRegions = (
				en,
				Base,
			);
			mainGroup = EC47329F29FBBC3D000882C5;
			productRefGroup = EC4732A929FBBC3D000882C5 /* Products */;
			projectDirPath = "";
			projectRoot = "";
			targets = (
				EC4732A729FBBC3D000882C5 /* IosJsBridgeSample */,
				EC4732C029FBBC3F000882C5 /* IosJsBridgeSampleTests */,
				EC4732CA29FBBC3F000882C5 /* IosJsBridgeSampleUITests */,
			);
		};
/* End PBXProject section */

/* Begin PBXResourcesBuildPhase section */
		EC4732A629FBBC3D000882C5 /* Resources */ = {
			isa = PBXResourcesBuildPhase;
			buildActionMask = 2147483647;
			files = (
				EC4732DF29FBBD2F000882C5 /* form.html in Resources */,
				EC4732BB29FBBC3F000882C5 /* LaunchScreen.storyboard in Resources */,
				EC4732B829FBBC3F000882C5 /* Assets.xcassets in Resources */,
				EC4732B329FBBC3D000882C5 /* Main.storyboard in Resources */,
			);
			runOnlyForDeploymentPostprocessing = 0;
		};
		EC4732BF29FBBC3F000882C5 /* Resources */ = {
			isa = PBXResourcesBuildPhase;
			buildActionMask = 2147483647;
			files = (
			);
			runOnlyForDeploymentPostprocessing = 0;
		};
		EC4732C929FBBC3F000882C5 /* Resources */ = {
			isa = PBXResourcesBuildPhase;
			buildActionMask = 2147483647;
			files = (
			);
			runOnlyForDeploymentPostprocessing = 0;
		};
/* End PBXResourcesBuildPhase section */

/* Begin PBXSourcesBuildPhase section */
		EC4732A429FBBC3D000882C5 /* Sources */ = {
			isa = PBXSourcesBuildPhase;
			buildActionMask = 2147483647;
			files = (
				EC4732B029FBBC3D000882C5 /* ViewController.swift in Sources */,
				EC4732B629FBBC3D000882C5 /* IosJsBridgeSample.xcdatamodeld in Sources */,
				EC4732AC29FBBC3D000882C5 /* AppDelegate.swift in Sources */,
				EC4732AE29FBBC3D000882C5 /* SceneDelegate.swift in Sources */,
			);
			runOnlyForDeploymentPostprocessing = 0;
		};
		EC4732BD29FBBC3F000882C5 /* Sources */ = {
			isa = PBXSourcesBuildPhase;
			buildActionMask = 2147483647;
			files = (
				EC4732C629FBBC3F000882C5 /* IosJsBridgeSampleTests.swift in Sources */,
			);
			runOnlyForDeploymentPostprocessing = 0;
		};
		EC4732C729FBBC3F000882C5 /* Sources */ = {
			isa = PBXSourcesBuildPhase;
			buildActionMask = 2147483647;
			files = (
				EC4732D229FBBC3F000882C5 /* IosJsBridgeSampleUITestsLaunchTests.swift in Sources */,
				EC4732D029FBBC3F000882C5 /* IosJsBridgeSampleUITests.swift in Sources */,
			);
			runOnlyForDeploymentPostprocessing = 0;
		};
/* End PBXSourcesBuildPhase section */

/* Begin PBXTargetDependency section */
		EC4732C329FBBC3F000882C5 /* PBXTargetDependency */ = {
			isa = PBXTargetDependency;
			target = EC4732A729FBBC3D000882C5 /* IosJsBridgeSample */;
			targetProxy = EC4732C229FBBC3F000882C5 /* PBXContainerItemProxy */;
		};
		EC4732CD29FBBC3F000882C5 /* PBXTargetDependency */ = {
			isa = PBXTargetDependency;
			target = EC4732A729FBBC3D000882C5 /* IosJsBridgeSample */;
			targetProxy = EC4732CC29FBBC3F000882C5 /* PBXContainerItemProxy */;
		};
/* End PBXTargetDependency section */

/* Begin PBXVariantGroup section */
		EC4732B129FBBC3D000882C5 /* Main.storyboard */ = {
			isa = PBXVariantGroup;
			children = (
				EC4732B229FBBC3D000882C5 /* Base */,
			);
			name = Main.storyboard;
			sourceTree = "<group>";
		};
		EC4732B929FBBC3F000882C5 /* LaunchScreen.storyboard */ = {
			isa = PBXVariantGroup;
			children = (
				EC4732BA29FBBC3F000882C5 /* Base */,
			);
			name = LaunchScreen.storyboard;
			sourceTree = "<group>";
		};
/* End PBXVariantGroup section */

/* Begin XCBuildConfiguration section */
		EC4732D329FBBC3F000882C5 /* Debug */ = {
			isa = XCBuildConfiguration;
			buildSettings = {
				ALWAYS_SEARCH_USER_PATHS = NO;
				CLANG_ANALYZER_NONNULL = YES;
				CLANG_ANALYZER_NUMBER_OBJECT_CONVERSION = YES_AGGRESSIVE;
				CLANG_CXX_LANGUAGE_STANDARD = "gnu++20";
				CLANG_ENABLE_MODULES = YES;
				CLANG_ENABLE_OBJC_ARC = YES;
				CLANG_ENABLE_OBJC_WEAK = YES;
				CLANG_WARN_BLOCK_CAPTURE_AUTORELEASING = YES;
				CLANG_WARN_BOOL_CONVERSION = YES;
				CLANG_WARN_COMMA = YES;
				CLANG_WARN_CONSTANT_CONVERSION = YES;
				CLANG_WARN_DEPRECATED_OBJC_IMPLEMENTATIONS = YES;
				CLANG_WARN_DIRECT_OBJC_ISA_USAGE = YES_ERROR;
				CLANG_WARN_DOCUMENTATION_COMMENTS = YES;
				CLANG_WARN_EMPTY_BODY = YES;
				CLANG_WARN_ENUM_CONVERSION = YES;
				CLANG_WARN_INFINITE_RECURSION = YES;
				CLANG_WARN_INT_CONVERSION = YES;
				CLANG_WARN_NON_LITERAL_NULL_CONVERSION = YES;
				CLANG_WARN_OBJC_IMPLICIT_RETAIN_SELF = YES;
				CLANG_WARN_OBJC_LITERAL_CONVERSION = YES;
				CLANG_WARN_OBJC_ROOT_CLASS = YES_ERROR;
				CLANG_WARN_QUOTED_INCLUDE_IN_FRAMEWORK_HEADER = YES;
				CLANG_WARN_RANGE_LOOP_ANALYSIS = YES;
				CLANG_WARN_STRICT_PROTOTYPES = YES;
				CLANG_WARN_SUSPICIOUS_MOVE = YES;
				CLANG_WARN_UNGUARDED_AVAILABILITY = YES_AGGRESSIVE;
				CLANG_WARN_UNREACHABLE_CODE = YES;
				CLANG_WARN__DUPLICATE_METHOD_MATCH = YES;
				COPY_PHASE_STRIP = NO;
				DEBUG_INFORMATION_FORMAT = dwarf;
				ENABLE_STRICT_OBJC_MSGSEND = YES;
				ENABLE_TESTABILITY = YES;
				GCC_C_LANGUAGE_STANDARD = gnu11;
				GCC_DYNAMIC_NO_PIC = NO;
				GCC_NO_COMMON_BLOCKS = YES;
				GCC_OPTIMIZATION_LEVEL = 0;
				GCC_PREPROCESSOR_DEFINITIONS = (
					"DEBUG=1",
					"$(inherited)",
				);
				GCC_WARN_64_TO_32_BIT_CONVERSION = YES;
				GCC_WARN_ABOUT_RETURN_TYPE = YES_ERROR;
				GCC_WARN_UNDECLARED_SELECTOR = YES;
				GCC_WARN_UNINITIALIZED_AUTOS = YES_AGGRESSIVE;
				GCC_WARN_UNUSED_FUNCTION = YES;
				GCC_WARN_UNUSED_VARIABLE = YES;
				IPHONEOS_DEPLOYMENT_TARGET = 16.2;
				MTL_ENABLE_DEBUG_INFO = INCLUDE_SOURCE;
				MTL_FAST_MATH = YES;
				ONLY_ACTIVE_ARCH = YES;
				SDKROOT = iphoneos;
				SWIFT_ACTIVE_COMPILATION_CONDITIONS = DEBUG;
				SWIFT_OPTIMIZATION_LEVEL = "-Onone";
			};
			name = Debug;
		};
		EC4732D429FBBC3F000882C5 /* Release */ = {
			isa = XCBuildConfiguration;
			buildSettings = {
				ALWAYS_SEARCH_USER_PATHS = NO;
				CLANG_ANALYZER_NONNULL = YES;
				CLANG_ANALYZER_NUMBER_OBJECT_CONVERSION = YES_AGGRESSIVE;
				CLANG_CXX_LANGUAGE_STANDARD = "gnu++20";
				CLANG_ENABLE_MODULES = YES;
				CLANG_ENABLE_OBJC_ARC = YES;
				CLANG_ENABLE_OBJC_WEAK = YES;
				CLANG_WARN_BLOCK_CAPTURE_AUTORELEASING = YES;
				CLANG_WARN_BOOL_CONVERSION = YES;
				CLANG_WARN_COMMA = YES;
				CLANG_WARN_CONSTANT_CONVERSION = YES;
				CLANG_WARN_DEPRECATED_OBJC_IMPLEMENTATIONS = YES;
				CLANG_WARN_DIRECT_OBJC_ISA_USAGE = YES_ERROR;
				CLANG_WARN_DOCUMENTATION_COMMENTS = YES;
				CLANG_WARN_EMPTY_BODY = YES;
				CLANG_WARN_ENUM_CONVERSION = YES;
				CLANG_WARN_INFINITE_RECURSION = YES;
				CLANG_WARN_INT_CONVERSION = YES;
				CLANG_WARN_NON_LITERAL_NULL_CONVERSION = YES;
				CLANG_WARN_OBJC_IMPLICIT_RETAIN_SELF = YES;
				CLANG_WARN_OBJC_LITERAL_CONVERSION = YES;
				CLANG_WARN_OBJC_ROOT_CLASS = YES_ERROR;
				CLANG_WARN_QUOTED_INCLUDE_IN_FRAMEWORK_HEADER = YES;
				CLANG_WARN_RANGE_LOOP_ANALYSIS = YES;
				CLANG_WARN_STRICT_PROTOTYPES = YES;
				CLANG_WARN_SUSPICIOUS_MOVE = YES;
				CLANG_WARN_UNGUARDED_AVAILABILITY = YES_AGGRESSIVE;
				CLANG_WARN_UNREACHABLE_CODE = YES;
				CLANG_WARN__DUPLICATE_METHOD_MATCH = YES;
				COPY_PHASE_STRIP = NO;
				DEBUG_INFORMATION_FORMAT = "dwarf-with-dsym";
				ENABLE_NS_ASSERTIONS = NO;
				ENABLE_STRICT_OBJC_MSGSEND = YES;
				GCC_C_LANGUAGE_STANDARD = gnu11;
				GCC_NO_COMMON_BLOCKS = YES;
				GCC_WARN_64_TO_32_BIT_CONVERSION = YES;
				GCC_WARN_ABOUT_RETURN_TYPE = YES_ERROR;
				GCC_WARN_UNDECLARED_SELECTOR = YES;
				GCC_WARN_UNINITIALIZED_AUTOS = YES_AGGRESSIVE;
				GCC_WARN_UNUSED_FUNCTION = YES;
				GCC_WARN_UNUSED_VARIABLE = YES;
				IPHONEOS_DEPLOYMENT_TARGET = 16.2;
				MTL_ENABLE_DEBUG_INFO = NO;
				MTL_FAST_MATH = YES;
				SDKROOT = iphoneos;
				SWIFT_COMPILATION_MODE = wholemodule;
				SWIFT_OPTIMIZATION_LEVEL = "-O";
				VALIDATE_PRODUCT = YES;
			};
			name = Release;
		};
		EC4732D629FBBC3F000882C5 /* Debug */ = {
			isa = XCBuildConfiguration;
			buildSettings = {
				ASSETCATALOG_COMPILER_APPICON_NAME = AppIcon;
				ASSETCATALOG_COMPILER_GLOBAL_ACCENT_COLOR_NAME = AccentColor;
				CODE_SIGN_STYLE = Automatic;
				CURRENT_PROJECT_VERSION = 1;
				GENERATE_INFOPLIST_FILE = YES;
				INFOPLIST_FILE = IosJsBridgeSample/Info.plist;
				INFOPLIST_KEY_UIApplicationSupportsIndirectInputEvents = YES;
				INFOPLIST_KEY_UILaunchStoryboardName = LaunchScreen;
				INFOPLIST_KEY_UIMainStoryboardFile = Main;
				INFOPLIST_KEY_UISupportedInterfaceOrientations_iPad = "UIInterfaceOrientationPortrait UIInterfaceOrientationPortraitUpsideDown UIInterfaceOrientationLandscapeLeft UIInterfaceOrientationLandscapeRight";
				INFOPLIST_KEY_UISupportedInterfaceOrientations_iPhone = "UIInterfaceOrientationPortrait UIInterfaceOrientationLandscapeLeft UIInterfaceOrientationLandscapeRight";
				LD_RUNPATH_SEARCH_PATHS = (
					"$(inherited)",
					"@executable_path/Frameworks",
				);
				MARKETING_VERSION = 1.0;
				PRODUCT_BUNDLE_IDENTIFIER = kedar.jsbridgesample.com.IosJsBridgeSample;
				PRODUCT_NAME = "$(TARGET_NAME)";
				SWIFT_EMIT_LOC_STRINGS = YES;
				SWIFT_VERSION = 5.0;
				TARGETED_DEVICE_FAMILY = "1,2";
			};
			name = Debug;
		};
		EC4732D729FBBC3F000882C5 /* Release */ = {
			isa = XCBuildConfiguration;
			buildSettings = {
				ASSETCATALOG_COMPILER_APPICON_NAME = AppIcon;
				ASSETCATALOG_COMPILER_GLOBAL_ACCENT_COLOR_NAME = AccentColor;
				CODE_SIGN_STYLE = Automatic;
				CURRENT_PROJECT_VERSION = 1;
				GENERATE_INFOPLIST_FILE = YES;
				INFOPLIST_FILE = IosJsBridgeSample/Info.plist;
				INFOPLIST_KEY_UIApplicationSupportsIndirectInputEvents = YES;
				INFOPLIST_KEY_UILaunchStoryboardName = LaunchScreen;
				INFOPLIST_KEY_UIMainStoryboardFile = Main;
				INFOPLIST_KEY_UISupportedInterfaceOrientations_iPad = "UIInterfaceOrientationPortrait UIInterfaceOrientationPortraitUpsideDown UIInterfaceOrientationLandscapeLeft UIInterfaceOrientationLandscapeRight";
				INFOPLIST_KEY_UISupportedInterfaceOrientations_iPhone = "UIInterfaceOrientationPortrait UIInterfaceOrientationLandscapeLeft UIInterfaceOrientationLandscapeRight";
				LD_RUNPATH_SEARCH_PATHS = (
					"$(inherited)",
					"@executable_path/Frameworks",
				);
				MARKETING_VERSION = 1.0;
				PRODUCT_BUNDLE_IDENTIFIER = kedar.jsbridgesample.com.IosJsBridgeSample;
				PRODUCT_NAME = "$(TARGET_NAME)";
				SWIFT_EMIT_LOC_STRINGS = YES;
				SWIFT_VERSION = 5.0;
				TARGETED_DEVICE_FAMILY = "1,2";
			};
			name = Release;
		};
		EC4732D929FBBC3F000882C5 /* Debug */ = {
			isa = XCBuildConfiguration;
			buildSettings = {
				ALWAYS_EMBED_SWIFT_STANDARD_LIBRARIES = YES;
				BUNDLE_LOADER = "$(TEST_HOST)";
				CODE_SIGN_STYLE = Automatic;
				CURRENT_PROJECT_VERSION = 1;
				GENERATE_INFOPLIST_FILE = YES;
				IPHONEOS_DEPLOYMENT_TARGET = 16.2;
				MARKETING_VERSION = 1.0;
				PRODUCT_BUNDLE_IDENTIFIER = kedar.jsbridgesample.com.IosJsBridgeSampleTests;
				PRODUCT_NAME = "$(TARGET_NAME)";
				SWIFT_EMIT_LOC_STRINGS = NO;
				SWIFT_VERSION = 5.0;
				TARGETED_DEVICE_FAMILY = "1,2";
				TEST_HOST = "$(BUILT_PRODUCTS_DIR)/IosJsBridgeSample.app/$(BUNDLE_EXECUTABLE_FOLDER_PATH)/IosJsBridgeSample";
			};
			name = Debug;
		};
		EC4732DA29FBBC3F000882C5 /* Release */ = {
			isa = XCBuildConfiguration;
			buildSettings = {
				ALWAYS_EMBED_SWIFT_STANDARD_LIBRARIES = YES;
				BUNDLE_LOADER = "$(TEST_HOST)";
				CODE_SIGN_STYLE = Automatic;
				CURRENT_PROJECT_VERSION = 1;
				GENERATE_INFOPLIST_FILE = YES;
				IPHONEOS_DEPLOYMENT_TARGET = 16.2;
				MARKETING_VERSION = 1.0;
				PRODUCT_BUNDLE_IDENTIFIER = kedar.jsbridgesample.com.IosJsBridgeSampleTests;
				PRODUCT_NAME = "$(TARGET_NAME)";
				SWIFT_EMIT_LOC_STRINGS = NO;
				SWIFT_VERSION = 5.0;
				TARGETED_DEVICE_FAMILY = "1,2";
				TEST_HOST = "$(BUILT_PRODUCTS_DIR)/IosJsBridgeSample.app/$(BUNDLE_EXECUTABLE_FOLDER_PATH)/IosJsBridgeSample";
			};
			name = Release;
		};
		EC4732DC29FBBC3F000882C5 /* Debug */ = {
			isa = XCBuildConfiguration;
			buildSettings = {
				ALWAYS_EMBED_SWIFT_STANDARD_LIBRARIES = YES;
				CODE_SIGN_STYLE = Automatic;
				CURRENT_PROJECT_VERSION = 1;
				GENERATE_INFOPLIST_FILE = YES;
				MARKETING_VERSION = 1.0;
				PRODUCT_BUNDLE_IDENTIFIER = kedar.jsbridgesample.com.IosJsBridgeSampleUITests;
				PRODUCT_NAME = "$(TARGET_NAME)";
				SWIFT_EMIT_LOC_STRINGS = NO;
				SWIFT_VERSION = 5.0;
				TARGETED_DEVICE_FAMILY = "1,2";
				TEST_TARGET_NAME = IosJsBridgeSample;
			};
			name = Debug;
		};
		EC4732DD29FBBC3F000882C5 /* Release */ = {
			isa = XCBuildConfiguration;
			buildSettings = {
				ALWAYS_EMBED_SWIFT_STANDARD_LIBRARIES = YES;
				CODE_SIGN_STYLE = Automatic;
				CURRENT_PROJECT_VERSION = 1;
				GENERATE_INFOPLIST_FILE = YES;
				MARKETING_VERSION = 1.0;
				PRODUCT_BUNDLE_IDENTIFIER = kedar.jsbridgesample.com.IosJsBridgeSampleUITests;
				PRODUCT_NAME = "$(TARGET_NAME)";
				SWIFT_EMIT_LOC_STRINGS = NO;
				SWIFT_VERSION = 5.0;
				TARGETED_DEVICE_FAMILY = "1,2";
				TEST_TARGET_NAME = IosJsBridgeSample;
			};
			name = Release;
		};
/* End XCBuildConfiguration section */

/* Begin XCConfigurationList section */
		EC4732A329FBBC3D000882C5 /* Build configuration list for PBXProject "IosJsBridgeSample" */ = {
			isa = XCConfigurationList;
			buildConfigurations = (
				EC4732D329FBBC3F000882C5 /* Debug */,
				EC4732D429FBBC3F000882C5 /* Release */,
			);
			defaultConfigurationIsVisible = 0;
			defaultConfigurationName = Release;
		};
		EC4732D529FBBC3F000882C5 /* Build configuration list for PBXNativeTarget "IosJsBridgeSample" */ = {
			isa = XCConfigurationList;
			buildConfigurations = (
				EC4732D629FBBC3F000882C5 /* Debug */,
				EC4732D729FBBC3F000882C5 /* Release */,
			);
			defaultConfigurationIsVisible = 0;
			defaultConfigurationName = Release;
		};
		EC4732D829FBBC3F000882C5 /* Build configuration list for PBXNativeTarget "IosJsBridgeSampleTests" */ = {
			isa = XCConfigurationList;
			buildConfigurations = (
				EC4732D929FBBC3F000882C5 /* Debug */,
				EC4732DA29FBBC3F000882C5 /* Release */,
			);
			defaultConfigurationIsVisible = 0;
			defaultConfigurationName = Release;
		};
		EC4732DB29FBBC3F000882C5 /* Build configuration list for PBXNativeTarget "IosJsBridgeSampleUITests" */ = {
			isa = XCConfigurationList;
			buildConfigurations = (
				EC4732DC29FBBC3F000882C5 /* Debug */,
				EC4732DD29FBBC3F000882C5 /* Release */,
			);
			defaultConfigurationIsVisible = 0;
			defaultConfigurationName = Release;
		};
/* End XCConfigurationList section */

/* Begin XCVersionGroup section */
		EC4732B429FBBC3D000882C5 /* IosJsBridgeSample.xcdatamodeld */ = {
			isa = XCVersionGroup;
			children = (
				EC4732B529FBBC3D000882C5 /* IosJsBridgeSample.xcdatamodel */,
			);
			currentVersion = EC4732B529FBBC3D000882C5 /* IosJsBridgeSample.xcdatamodel */;
			path = IosJsBridgeSample.xcdatamodeld;
			sourceTree = "<group>";
			versionGroupType = wrapper.xcdatamodel;
		};
/* End XCVersionGroup section */
	};
	rootObject = EC4732A029FBBC3D000882C5 /* Project object */;
}
